// !$*UTF8*$!
{
	archiveVersion = 1;
	classes = {
	};
	objectVersion = 50;
	objects = {

/* Begin PBXBuildFile section */
		20650C7C2629C5DE00B51258 /* AppDelegate.swift in Sources */ = {isa = PBXBuildFile; fileRef = 20650C7B2629C5DE00B51258 /* AppDelegate.swift */; };
		20650C7E2629C5DE00B51258 /* MealDetailController.swift in Sources */ = {isa = PBXBuildFile; fileRef = 20650C7D2629C5DE00B51258 /* MealDetailController.swift */; };
		20650C812629C5DE00B51258 /* Main.storyboard in Resources */ = {isa = PBXBuildFile; fileRef = 20650C7F2629C5DE00B51258 /* Main.storyboard */; };
		20650C832629C5E600B51258 /* Assets.xcassets in Resources */ = {isa = PBXBuildFile; fileRef = 20650C822629C5E600B51258 /* Assets.xcassets */; };
		20650C912629C5E600B51258 /* FoodOnlineTests.swift in Sources */ = {isa = PBXBuildFile; fileRef = 20650C902629C5E600B51258 /* FoodOnlineTests.swift */; };
		4C3C9A0626852044000DECEF /* LaunchScreen.storyboard in Resources */ = {isa = PBXBuildFile; fileRef = 4C3C9A0526852043000DECEF /* LaunchScreen.storyboard */; };
		4C4434B12657A5AB0074DDE5 /* Meal.swift in Sources */ = {isa = PBXBuildFile; fileRef = 4C4434B02657A5AB0074DDE5 /* Meal.swift */; };
		4C4434B32657BD770074DDE5 /* MealTableViewCell.swift in Sources */ = {isa = PBXBuildFile; fileRef = 4C4434B22657BD770074DDE5 /* MealTableViewCell.swift */; };
		4CA9E9F026847520002643D8 /* welcomeViewController.swift in Sources */ = {isa = PBXBuildFile; fileRef = 4CA9E9EF26847520002643D8 /* welcomeViewController.swift */; };
		4CA9E9F32684E1F3002643D8 /* MapkitViewController.swift in Sources */ = {isa = PBXBuildFile; fileRef = 4CA9E9F22684E1F3002643D8 /* MapkitViewController.swift */; };
		660C60B92646437300B65A6F /* MealTableViewController.swift in Sources */ = {isa = PBXBuildFile; fileRef = 660C60B82646437300B65A6F /* MealTableViewController.swift */; };
		667FE1822644CCB900FBA08B /* RatingControl.swift in Sources */ = {isa = PBXBuildFile; fileRef = 667FE1812644CCB900FBA08B /* RatingControl.swift */; };
/* End PBXBuildFile section */

/* Begin PBXContainerItemProxy section */
		20650C8D2629C5E600B51258 /* PBXContainerItemProxy */ = {
			isa = PBXContainerItemProxy;
			containerPortal = 20650C702629C5DD00B51258 /* Project object */;
			proxyType = 1;
			remoteGlobalIDString = 20650C772629C5DD00B51258;
			remoteInfo = FoodManagement;
		};
/* End PBXContainerItemProxy section */

/* Begin PBXFileReference section */
		20650C782629C5DE00B51258 /* FoodOnline.app */ = {isa = PBXFileReference; explicitFileType = wrapper.application; includeInIndex = 0; path = FoodOnline.app; sourceTree = BUILT_PRODUCTS_DIR; };
		20650C7B2629C5DE00B51258 /* AppDelegate.swift */ = {isa = PBXFileReference; lastKnownFileType = sourcecode.swift; path = AppDelegate.swift; sourceTree = "<group>"; };
		20650C7D2629C5DE00B51258 /* MealDetailController.swift */ = {isa = PBXFileReference; lastKnownFileType = sourcecode.swift; path = MealDetailController.swift; sourceTree = "<group>"; };
		20650C802629C5DE00B51258 /* Base */ = {isa = PBXFileReference; lastKnownFileType = file.storyboard; name = Base; path = Base.lproj/Main.storyboard; sourceTree = "<group>"; };
		20650C822629C5E600B51258 /* Assets.xcassets */ = {isa = PBXFileReference; lastKnownFileType = folder.assetcatalog; path = Assets.xcassets; sourceTree = "<group>"; };
		20650C872629C5E600B51258 /* Info.plist */ = {isa = PBXFileReference; lastKnownFileType = text.plist.xml; path = Info.plist; sourceTree = "<group>"; };
		20650C8C2629C5E600B51258 /* FoodOnlineTests.xctest */ = {isa = PBXFileReference; explicitFileType = wrapper.cfbundle; includeInIndex = 0; path = FoodOnlineTests.xctest; sourceTree = BUILT_PRODUCTS_DIR; };
		20650C902629C5E600B51258 /* FoodOnlineTests.swift */ = {isa = PBXFileReference; lastKnownFileType = sourcecode.swift; path = FoodOnlineTests.swift; sourceTree = "<group>"; };
		20650C922629C5E700B51258 /* Info.plist */ = {isa = PBXFileReference; lastKnownFileType = text.plist.xml; path = Info.plist; sourceTree = "<group>"; };
		4C3C9A0526852043000DECEF /* LaunchScreen.storyboard */ = {isa = PBXFileReference; fileEncoding = 4; lastKnownFileType = file.storyboard; name = LaunchScreen.storyboard; path = ../../../../DoAnIOS/LaunchScreen.storyboard; sourceTree = "<group>"; };
		4C4434B02657A5AB0074DDE5 /* Meal.swift */ = {isa = PBXFileReference; lastKnownFileType = sourcecode.swift; path = Meal.swift; sourceTree = "<group>"; };
		4C4434B22657BD770074DDE5 /* MealTableViewCell.swift */ = {isa = PBXFileReference; lastKnownFileType = sourcecode.swift; path = MealTableViewCell.swift; sourceTree = "<group>"; };
		4CA9E9EF26847520002643D8 /* welcomeViewController.swift */ = {isa = PBXFileReference; lastKnownFileType = sourcecode.swift; path = welcomeViewController.swift; sourceTree = "<group>"; };
		4CA9E9F22684E1F3002643D8 /* MapkitViewController.swift */ = {isa = PBXFileReference; lastKnownFileType = sourcecode.swift; path = MapkitViewController.swift; sourceTree = "<group>"; };
		660C60B82646437300B65A6F /* MealTableViewController.swift */ = {isa = PBXFileReference; lastKnownFileType = sourcecode.swift; path = MealTableViewController.swift; sourceTree = "<group>"; };
		667FE1812644CCB900FBA08B /* RatingControl.swift */ = {isa = PBXFileReference; lastKnownFileType = sourcecode.swift; path = RatingControl.swift; sourceTree = "<group>"; };
/* End PBXFileReference section */

/* Begin PBXFrameworksBuildPhase section */
		20650C752629C5DD00B51258 /* Frameworks */ = {
			isa = PBXFrameworksBuildPhase;
			buildActionMask = 2147483647;
			files = (
			);
			runOnlyForDeploymentPostprocessing = 0;
		};
		20650C892629C5E600B51258 /* Frameworks */ = {
			isa = PBXFrameworksBuildPhase;
			buildActionMask = 2147483647;
			files = (
			);
			runOnlyForDeploymentPostprocessing = 0;
		};
/* End PBXFrameworksBuildPhase section */

/* Begin PBXGroup section */
		20650C6F2629C5DD00B51258 = {
			isa = PBXGroup;
			children = (
				20650C7A2629C5DE00B51258 /* FoodOnline */,
				20650C8F2629C5E600B51258 /* FoodOnlineTests */,
				20650C792629C5DE00B51258 /* Products */,
			);
			sourceTree = "<group>";
		};
		20650C792629C5DE00B51258 /* Products */ = {
			isa = PBXGroup;
			children = (
				20650C782629C5DE00B51258 /* FoodOnline.app */,
				20650C8C2629C5E600B51258 /* FoodOnlineTests.xctest */,
			);
			name = Products;
			sourceTree = "<group>";
		};
		20650C7A2629C5DE00B51258 /* FoodOnline */ = {
			isa = PBXGroup;
			children = (
				4CA9E9F12684E1B7002643D8 /* mapkit */,
				4C4434AF2657A5550074DDE5 /* data models */,
				667FE1802644CBF000FBA08B /* View Controls */,
				20650C7D2629C5DE00B51258 /* MealDetailController.swift */,
				660C60B82646437300B65A6F /* MealTableViewController.swift */,
				20650C7F2629C5DE00B51258 /* Main.storyboard */,
				4C4434B22657BD770074DDE5 /* MealTableViewCell.swift */,
				20650C9B2629C62700B51258 /* System */,
			);
			path = FoodOnline;
			sourceTree = "<group>";
		};
		20650C8F2629C5E600B51258 /* FoodOnlineTests */ = {
			isa = PBXGroup;
			children = (
				20650C902629C5E600B51258 /* FoodOnlineTests.swift */,
				20650C922629C5E700B51258 /* Info.plist */,
			);
			path = FoodOnlineTests;
			sourceTree = "<group>";
		};
		20650C9B2629C62700B51258 /* System */ = {
			isa = PBXGroup;
			children = (
				4C3C9A0526852043000DECEF /* LaunchScreen.storyboard */,
				20650C872629C5E600B51258 /* Info.plist */,
				20650C822629C5E600B51258 /* Assets.xcassets */,
				20650C7B2629C5DE00B51258 /* AppDelegate.swift */,
			);
			path = System;
			sourceTree = "<group>";
		};
		4C4434AF2657A5550074DDE5 /* data models */ = {
			isa = PBXGroup;
			children = (
				4C4434B02657A5AB0074DDE5 /* Meal.swift */,
			);
			path = "data models";
			sourceTree = "<group>";
		};
		4CA9E9F12684E1B7002643D8 /* mapkit */ = {
			isa = PBXGroup;
			children = (
				4CA9E9F22684E1F3002643D8 /* MapkitViewController.swift */,
			);
			path = mapkit;
			sourceTree = "<group>";
		};
		667FE1802644CBF000FBA08B /* View Controls */ = {
			isa = PBXGroup;
			children = (
				667FE1812644CCB900FBA08B /* RatingControl.swift */,
				4CA9E9EF26847520002643D8 /* welcomeViewController.swift */,
			);
			path = "View Controls";
			sourceTree = "<group>";
		};
/* End PBXGroup section */

/* Begin PBXNativeTarget section */
		20650C772629C5DD00B51258 /* FoodOnline */ = {
			isa = PBXNativeTarget;
			buildConfigurationList = 20650C952629C5E700B51258 /* Build configuration list for PBXNativeTarget "FoodOnline" */;
			buildPhases = (
				20650C742629C5DD00B51258 /* Sources */,
				20650C752629C5DD00B51258 /* Frameworks */,
				20650C762629C5DD00B51258 /* Resources */,
			);
			buildRules = (
			);
			dependencies = (
			);
			name = FoodOnline;
			productName = FoodManagement;
			productReference = 20650C782629C5DE00B51258 /* FoodOnline.app */;
			productType = "com.apple.product-type.application";
		};
		20650C8B2629C5E600B51258 /* FoodOnlineTests */ = {
			isa = PBXNativeTarget;
			buildConfigurationList = 20650C982629C5E700B51258 /* Build configuration list for PBXNativeTarget "FoodOnlineTests" */;
			buildPhases = (
				20650C882629C5E600B51258 /* Sources */,
				20650C892629C5E600B51258 /* Frameworks */,
				20650C8A2629C5E600B51258 /* Resources */,
			);
			buildRules = (
			);
			dependencies = (
				20650C8E2629C5E600B51258 /* PBXTargetDependency */,
			);
			name = FoodOnlineTests;
			productName = FoodManagementTests;
			productReference = 20650C8C2629C5E600B51258 /* FoodOnlineTests.xctest */;
			productType = "com.apple.product-type.bundle.unit-test";
		};
/* End PBXNativeTarget section */

/* Begin PBXProject section */
		20650C702629C5DD00B51258 /* Project object */ = {
			isa = PBXProject;
			attributes = {
				LastSwiftUpdateCheck = 1030;
				LastUpgradeCheck = 1030;
				ORGANIZATIONNAME = TruongKD;
				TargetAttributes = {
					20650C772629C5DD00B51258 = {
						CreatedOnToolsVersion = 10.3;
					};
					20650C8B2629C5E600B51258 = {
						CreatedOnToolsVersion = 10.3;
						TestTargetID = 20650C772629C5DD00B51258;
					};
				};
			};
			buildConfigurationList = 20650C732629C5DD00B51258 /* Build configuration list for PBXProject "FoodOnline" */;
			compatibilityVersion = "Xcode 9.3";
			developmentRegion = en;
			hasScannedForEncodings = 0;
			knownRegions = (
				en,
				Base,
			);
			mainGroup = 20650C6F2629C5DD00B51258;
			productRefGroup = 20650C792629C5DE00B51258 /* Products */;
			projectDirPath = "";
			projectRoot = "";
			targets = (
				20650C772629C5DD00B51258 /* FoodOnline */,
				20650C8B2629C5E600B51258 /* FoodOnlineTests */,
			);
		};
/* End PBXProject section */

/* Begin PBXResourcesBuildPhase section */
		20650C762629C5DD00B51258 /* Resources */ = {
			isa = PBXResourcesBuildPhase;
			buildActionMask = 2147483647;
			files = (
				4C3C9A0626852044000DECEF /* LaunchScreen.storyboard in Resources */,
				20650C832629C5E600B51258 /* Assets.xcassets in Resources */,
				20650C812629C5DE00B51258 /* Main.storyboard in Resources */,
			);
			runOnlyForDeploymentPostprocessing = 0;
		};
		20650C8A2629C5E600B51258 /* Resources */ = {
			isa = PBXResourcesBuildPhase;
			buildActionMask = 2147483647;
			files = (
			);
			runOnlyForDeploymentPostprocessing = 0;
		};
/* End PBXResourcesBuildPhase section */

/* Begin PBXSourcesBuildPhase section */
		20650C742629C5DD00B51258 /* Sources */ = {
			isa = PBXSourcesBuildPhase;
			buildActionMask = 2147483647;
			files = (
				4C4434B12657A5AB0074DDE5 /* Meal.swift in Sources */,
				20650C7E2629C5DE00B51258 /* MealDetailController.swift in Sources */,
				4CA9E9F32684E1F3002643D8 /* MapkitViewController.swift in Sources */,
				4C4434B32657BD770074DDE5 /* MealTableViewCell.swift in Sources */,
				667FE1822644CCB900FBA08B /* RatingControl.swift in Sources */,
				660C60B92646437300B65A6F /* MealTableViewController.swift in Sources */,
				20650C7C2629C5DE00B51258 /* AppDelegate.swift in Sources */,
				4CA9E9F026847520002643D8 /* welcomeViewController.swift in Sources */,
			);
			runOnlyForDeploymentPostprocessing = 0;
		};
		20650C882629C5E600B51258 /* Sources */ = {
			isa = PBXSourcesBuildPhase;
			buildActionMask = 2147483647;
			files = (
				20650C912629C5E600B51258 /* FoodOnlineTests.swift in Sources */,
			);
			runOnlyForDeploymentPostprocessing = 0;
		};
/* End PBXSourcesBuildPhase section */

/* Begin PBXTargetDependency section */
		20650C8E2629C5E600B51258 /* PBXTargetDependency */ = {
			isa = PBXTargetDependency;
			target = 20650C772629C5DD00B51258 /* FoodOnline */;
			targetProxy = 20650C8D2629C5E600B51258 /* PBXContainerItemProxy */;
		};
/* End PBXTargetDependency section */

/* Begin PBXVariantGroup section */
		20650C7F2629C5DE00B51258 /* Main.storyboard */ = {
			isa = PBXVariantGroup;
			children = (
				20650C802629C5DE00B51258 /* Base */,
			);
			name = Main.storyboard;
			sourceTree = "<group>";
		};
/* End PBXVariantGroup section */

/* Begin XCBuildConfiguration section */
		20650C932629C5E700B51258 /* Debug */ = {
			isa = XCBuildConfiguration;
			buildSettings = {
				ALWAYS_SEARCH_USER_PATHS = NO;
				CLANG_ANALYZER_NONNULL = YES;
				CLANG_ANALYZER_NUMBER_OBJECT_CONVERSION = YES_AGGRESSIVE;
				CLANG_CXX_LANGUAGE_STANDARD = "gnu++14";
				CLANG_CXX_LIBRARY = "libc++";
				CLANG_ENABLE_MODULES = YES;
				CLANG_ENABLE_OBJC_ARC = YES;
				CLANG_ENABLE_OBJC_WEAK = YES;
				CLANG_WARN_BLOCK_CAPTURE_AUTORELEASING = YES;
				CLANG_WARN_BOOL_CONVERSION = YES;
				CLANG_WARN_COMMA = YES;
				CLANG_WARN_CONSTANT_CONVERSION = YES;
				CLANG_WARN_DEPRECATED_OBJC_IMPLEMENTATIONS = YES;
				CLANG_WARN_DIRECT_OBJC_ISA_USAGE = YES_ERROR;
				CLANG_WARN_DOCUMENTATION_COMMENTS = YES;
				CLANG_WARN_EMPTY_BODY = YES;
				CLANG_WARN_ENUM_CONVERSION = YES;
				CLANG_WARN_INFINITE_RECURSION = YES;
				CLANG_WARN_INT_CONVERSION = YES;
				CLANG_WARN_NON_LITERAL_NULL_CONVERSION = YES;
				CLANG_WARN_OBJC_IMPLICIT_RETAIN_SELF = YES;
				CLANG_WARN_OBJC_LITERAL_CONVERSION = YES;
				CLANG_WARN_OBJC_ROOT_CLASS = YES_ERROR;
				CLANG_WARN_RANGE_LOOP_ANALYSIS = YES;
				CLANG_WARN_STRICT_PROTOTYPES = YES;
				CLANG_WARN_SUSPICIOUS_MOVE = YES;
				CLANG_WARN_UNGUARDED_AVAILABILITY = YES_AGGRESSIVE;
				CLANG_WARN_UNREACHABLE_CODE = YES;
				CLANG_WARN__DUPLICATE_METHOD_MATCH = YES;
				CODE_SIGN_IDENTITY = "iPhone Developer";
				COPY_PHASE_STRIP = NO;
				DEBUG_INFORMATION_FORMAT = dwarf;
				ENABLE_STRICT_OBJC_MSGSEND = YES;
				ENABLE_TESTABILITY = YES;
				GCC_C_LANGUAGE_STANDARD = gnu11;
				GCC_DYNAMIC_NO_PIC = NO;
				GCC_NO_COMMON_BLOCKS = YES;
				GCC_OPTIMIZATION_LEVEL = 0;
				GCC_PREPROCESSOR_DEFINITIONS = (
					"DEBUG=1",
					"$(inherited)",
				);
				GCC_WARN_64_TO_32_BIT_CONVERSION = YES;
				GCC_WARN_ABOUT_RETURN_TYPE = YES_ERROR;
				GCC_WARN_UNDECLARED_SELECTOR = YES;
				GCC_WARN_UNINITIALIZED_AUTOS = YES_AGGRESSIVE;
				GCC_WARN_UNUSED_FUNCTION = YES;
				GCC_WARN_UNUSED_VARIABLE = YES;
				IPHONEOS_DEPLOYMENT_TARGET = 12.4;
				MTL_ENABLE_DEBUG_INFO = INCLUDE_SOURCE;
				MTL_FAST_MATH = YES;
				ONLY_ACTIVE_ARCH = YES;
				SDKROOT = iphoneos;
				SWIFT_ACTIVE_COMPILATION_CONDITIONS = DEBUG;
				SWIFT_OPTIMIZATION_LEVEL = "-Onone";
			};
			name = Debug;
		};
		20650C942629C5E700B51258 /* Release */ = {
			isa = XCBuildConfiguration;
			buildSettings = {
				ALWAYS_SEARCH_USER_PATHS = NO;
				CLANG_ANALYZER_NONNULL = YES;
				CLANG_ANALYZER_NUMBER_OBJECT_CONVERSION = YES_AGGRESSIVE;
				CLANG_CXX_LANGUAGE_STANDARD = "gnu++14";
				CLANG_CXX_LIBRARY = "libc++";
				CLANG_ENABLE_MODULES = YES;
				CLANG_ENABLE_OBJC_ARC = YES;
				CLANG_ENABLE_OBJC_WEAK = YES;
				CLANG_WARN_BLOCK_CAPTURE_AUTORELEASING = YES;
				CLANG_WARN_BOOL_CONVERSION = YES;
				CLANG_WARN_COMMA = YES;
				CLANG_WARN_CONSTANT_CONVERSION = YES;
				CLANG_WARN_DEPRECATED_OBJC_IMPLEMENTATIONS = YES;
				CLANG_WARN_DIRECT_OBJC_ISA_USAGE = YES_ERROR;
				CLANG_WARN_DOCUMENTATION_COMMENTS = YES;
				CLANG_WARN_EMPTY_BODY = YES;
				CLANG_WARN_ENUM_CONVERSION = YES;
				CLANG_WARN_INFINITE_RECURSION = YES;
				CLANG_WARN_INT_CONVERSION = YES;
				CLANG_WARN_NON_LITERAL_NULL_CONVERSION = YES;
				CLANG_WARN_OBJC_IMPLICIT_RETAIN_SELF = YES;
				CLANG_WARN_OBJC_LITERAL_CONVERSION = YES;
				CLANG_WARN_OBJC_ROOT_CLASS = YES_ERROR;
				CLANG_WARN_RANGE_LOOP_ANALYSIS = YES;
				CLANG_WARN_STRICT_PROTOTYPES = YES;
				CLANG_WARN_SUSPICIOUS_MOVE = YES;
				CLANG_WARN_UNGUARDED_AVAILABILITY = YES_AGGRESSIVE;
				CLANG_WARN_UNREACHABLE_CODE = YES;
				CLANG_WARN__DUPLICATE_METHOD_MATCH = YES;
				CODE_SIGN_IDENTITY = "iPhone Developer";
				COPY_PHASE_STRIP = NO;
				DEBUG_INFORMATION_FORMAT = "dwarf-with-dsym";
				ENABLE_NS_ASSERTIONS = NO;
				ENABLE_STRICT_OBJC_MSGSEND = YES;
				GCC_C_LANGUAGE_STANDARD = gnu11;
				GCC_NO_COMMON_BLOCKS = YES;
				GCC_WARN_64_TO_32_BIT_CONVERSION = YES;
				GCC_WARN_ABOUT_RETURN_TYPE = YES_ERROR;
				GCC_WARN_UNDECLARED_SELECTOR = YES;
				GCC_WARN_UNINITIALIZED_AUTOS = YES_AGGRESSIVE;
				GCC_WARN_UNUSED_FUNCTION = YES;
				GCC_WARN_UNUSED_VARIABLE = YES;
				IPHONEOS_DEPLOYMENT_TARGET = 12.4;
				MTL_ENABLE_DEBUG_INFO = NO;
				MTL_FAST_MATH = YES;
				SDKROOT = iphoneos;
				SWIFT_COMPILATION_MODE = wholemodule;
				SWIFT_OPTIMIZATION_LEVEL = "-O";
				VALIDATE_PRODUCT = YES;
			};
			name = Release;
		};
		20650C962629C5E700B51258 /* Debug */ = {
			isa = XCBuildConfiguration;
			buildSettings = {
				ASSETCATALOG_COMPILER_APPICON_NAME = AppIcon;
				CODE_SIGN_STYLE = Automatic;
				INFOPLIST_FILE = "$(SRCROOT)/FoodOnline/System/Info.plist";
				IPHONEOS_DEPLOYMENT_TARGET = 12.2;
				LD_RUNPATH_SEARCH_PATHS = (
					"$(inherited)",
					"@executable_path/Frameworks",
				);
				PRODUCT_BUNDLE_IDENTIFIER = vn.com.edu.FoodManagement;
				PRODUCT_NAME = "$(TARGET_NAME)";
				SWIFT_VERSION = 5.0;
				TARGETED_DEVICE_FAMILY = "1,2";
			};
			name = Debug;
		};
		20650C972629C5E700B51258 /* Release */ = {
			isa = XCBuildConfiguration;
			buildSettings = {
				ASSETCATALOG_COMPILER_APPICON_NAME = AppIcon;
				CODE_SIGN_STYLE = Automatic;
				INFOPLIST_FILE = "$(SRCROOT)/FoodOnline/System/Info.plist";
				IPHONEOS_DEPLOYMENT_TARGET = 12.2;
				LD_RUNPATH_SEARCH_PATHS = (
					"$(inherited)",
					"@executable_path/Frameworks",
				);
				PRODUCT_BUNDLE_IDENTIFIER = vn.com.edu.FoodManagement;
				PRODUCT_NAME = "$(TARGET_NAME)";
				SWIFT_VERSION = 5.0;
				TARGETED_DEVICE_FAMILY = "1,2";
			};
			name = Release;
		};
		20650C992629C5E700B51258 /* Debug */ = {
			isa = XCBuildConfiguration;
			buildSettings = {
				ALWAYS_EMBED_SWIFT_STANDARD_LIBRARIES = YES;
				BUNDLE_LOADER = "$(TEST_HOST)";
				CODE_SIGN_STYLE = Automatic;
				INFOPLIST_FILE = FoodManagementTests/Info.plist;
				IPHONEOS_DEPLOYMENT_TARGET = 12.2;
				LD_RUNPATH_SEARCH_PATHS = (
					"$(inherited)",
					"@executable_path/Frameworks",
					"@loader_path/Frameworks",
				);
				PRODUCT_BUNDLE_IDENTIFIER = vn.com.edu.FoodManagementTests;
				PRODUCT_NAME = "$(TARGET_NAME)";
				SWIFT_VERSION = 5.0;
				TARGETED_DEVICE_FAMILY = "1,2";
				TEST_HOST = "$(BUILT_PRODUCTS_DIR)/FoodOnline.app/FoodOnline";
			};
			name = Debug;
		};
		20650C9A2629C5E700B51258 /* Release */ = {
			isa = XCBuildConfiguration;
			buildSettings = {
				ALWAYS_EMBED_SWIFT_STANDARD_LIBRARIES = YES;
				BUNDLE_LOADER = "$(TEST_HOST)";
				CODE_SIGN_STYLE = Automatic;
				INFOPLIST_FILE = FoodManagementTests/Info.plist;
				IPHONEOS_DEPLOYMENT_TARGET = 12.2;
				LD_RUNPATH_SEARCH_PATHS = (
					"$(inherited)",
					"@executable_path/Frameworks",
					"@loader_path/Frameworks",
				);
				PRODUCT_BUNDLE_IDENTIFIER = vn.com.edu.FoodManagementTests;
				PRODUCT_NAME = "$(TARGET_NAME)";
				SWIFT_VERSION = 5.0;
				TARGETED_DEVICE_FAMILY = "1,2";
				TEST_HOST = "$(BUILT_PRODUCTS_DIR)/FoodOnline.app/FoodOnline";
			};
			name = Release;
		};
/* End XCBuildConfiguration section */

/* Begin XCConfigurationList section */
		20650C732629C5DD00B51258 /* Build configuration list for PBXProject "FoodOnline" */ = {
			isa = XCConfigurationList;
			buildConfigurations = (
				20650C932629C5E700B51258 /* Debug */,
				20650C942629C5E700B51258 /* Release */,
			);
			defaultConfigurationIsVisible = 0;
			defaultConfigurationName = Release;
		};
		20650C952629C5E700B51258 /* Build configuration list for PBXNativeTarget "FoodOnline" */ = {
			isa = XCConfigurationList;
			buildConfigurations = (
				20650C962629C5E700B51258 /* Debug */,
				20650C972629C5E700B51258 /* Release */,
			);
			defaultConfigurationIsVisible = 0;
			defaultConfigurationName = Release;
		};
		20650C982629C5E700B51258 /* Build configuration list for PBXNativeTarget "FoodOnlineTests" */ = {
			isa = XCConfigurationList;
			buildConfigurations = (
				20650C992629C5E700B51258 /* Debug */,
				20650C9A2629C5E700B51258 /* Release */,
			);
			defaultConfigurationIsVisible = 0;
			defaultConfigurationName = Release;
		};
/* End XCConfigurationList section */
	};
	rootObject = 20650C702629C5DD00B51258 /* Project object */;
}
